
Microsoft Visual Studio Solution File, Format Version 12.00
# Visual Studio Version 16
VisualStudioVersion = 16.0.30804.86
MinimumVisualStudioVersion = 10.0.40219.1
Project("{9A19103F-16F7-4668-BE54-9A1E7A4F7556}") = "TestingUserWebApi", "UnitTest1\TestingUserWebApi.csproj", "{4927AAAD-1184-4DD9-BBE8-25A06C064148}"
EndProject
Project("{9A19103F-16F7-4668-BE54-9A1E7A4F7556}") = "UserClassLibrary", "UserClassLibrary\UserClassLibrary.csproj", "{B344B7A5-6C59-48BF-AC4F-967276CBE2D6}"
EndProject
Project("{9A19103F-16F7-4668-BE54-9A1E7A4F7556}") = "UserWebApi", "FinalProjectWebApi\UserWebApi.csproj", "{D6F57C28-FAC4-4198-912B-1147BFED0570}"
EndProject
Global
	GlobalSection(SolutionConfigurationPlatforms) = preSolution
		Debug|Any CPU = Debug|Any CPU
		Release|Any CPU = Release|Any CPU
	EndGlobalSection
	GlobalSection(ProjectConfigurationPlatforms) = postSolution
		{4927AAAD-1184-4DD9-BBE8-25A06C064148}.Debug|Any CPU.ActiveCfg = Debug|Any CPU
		{4927AAAD-1184-4DD9-BBE8-25A06C064148}.Debug|Any CPU.Build.0 = Debug|Any CPU
		{4927AAAD-1184-4DD9-BBE8-25A06C064148}.Release|Any CPU.ActiveCfg = Release|Any CPU
		{4927AAAD-1184-4DD9-BBE8-25A06C064148}.Release|Any CPU.Build.0 = Release|Any CPU
		{B344B7A5-6C59-48BF-AC4F-967276CBE2D6}.Debug|Any CPU.ActiveCfg = Debug|Any CPU
		{B344B7A5-6C59-48BF-AC4F-967276CBE2D6}.Debug|Any CPU.Build.0 = Debug|Any CPU
		{B344B7A5-6C59-48BF-AC4F-967276CBE2D6}.Release|Any CPU.ActiveCfg = Release|Any CPU
		{B344B7A5-6C59-48BF-AC4F-967276CBE2D6}.Release|Any CPU.Build.0 = Release|Any CPU
		{D6F57C28-FAC4-4198-912B-1147BFED0570}.Debug|Any CPU.ActiveCfg = Debug|Any CPU
		{D6F57C28-FAC4-4198-912B-1147BFED0570}.Debug|Any CPU.Build.0 = Debug|Any CPU
		{D6F57C28-FAC4-4198-912B-1147BFED0570}.Release|Any CPU.ActiveCfg = Release|Any CPU
		{D6F57C28-FAC4-4198-912B-1147BFED0570}.Release|Any CPU.Build.0 = Release|Any CPU
	EndGlobalSection
	GlobalSection(SolutionProperties) = preSolution
		HideSolutionNode = FALSE
	EndGlobalSection
	GlobalSection(ExtensibilityGlobals) = postSolution
		SolutionGuid = {1EBAFCE1-5A69-44BF-9BD6-4EEBEB04B161}
	EndGlobalSection
EndGlobal
